
Microsoft Visual Studio Solution File, Format Version 12.00
# Visual Studio Version 16
VisualStudioVersion = 16.0.31424.327
MinimumVisualStudioVersion = 10.0.40219.1
Project("{FAE04EC0-301F-11D3-BF4B-00C04F79EFBC}") = "TestApp", "TestApp\TestApp.csproj", "{C775F0BD-C26A-4734-9728-934B4F702FDF}"
EndProject
Global
	GlobalSection(SolutionConfigurationPlatforms) = preSolution
		Debug|Any CPU = Debug|Any CPU
		Release|Any CPU = Release|Any CPU
	EndGlobalSection
	GlobalSection(ProjectConfigurationPlatforms) = postSolution
		{C775F0BD-C26A-4734-9728-934B4F702FDF}.Debug|Any CPU.ActiveCfg = Debug|Any CPU
		{C775F0BD-C26A-4734-9728-934B4F702FDF}.Debug|Any CPU.Build.0 = Debug|Any CPU
		{C775F0BD-C26A-4734-9728-934B4F702FDF}.Release|Any CPU.ActiveCfg = Release|Any CPU
		{C775F0BD-C26A-4734-9728-934B4F702FDF}.Release|Any CPU.Build.0 = Release|Any CPU
	EndGlobalSection
	GlobalSection(SolutionProperties) = preSolution
		HideSolutionNode = FALSE
	EndGlobalSection
	GlobalSection(ExtensibilityGlobals) = postSolution
		SolutionGuid = {EDCBB1DD-C9D3-4534-9110-B945D58B4411}
	EndGlobalSection
EndGlobal
